
Microsoft Visual Studio Solution File, Format Version 12.00
# Visual Studio Version 17
VisualStudioVersion = 17.3.32825.248
MinimumVisualStudioVersion = 10.0.40219.1
Project("{8BC9CEB8-8B4A-11D0-8D11-00A0C91BC942}") = "13pract", "13pract\13pract.vcxproj", "{0AB4D335-4E02-464E-BF46-8D1E2BF2CEE9}"
EndProject
Project("{8BC9CEB8-8B4A-11D0-8D11-00A0C91BC942}") = "DynamicLib", "DynamicLib\DynamicLib.vcxproj", "{824AC4A5-6F84-448E-AF29-F15963817679}"
EndProject
Global
	GlobalSection(SolutionConfigurationPlatforms) = preSolution
		Debug|x64 = Debug|x64
		Debug|x86 = Debug|x86
		Release|x64 = Release|x64
		Release|x86 = Release|x86
	EndGlobalSection
	GlobalSection(ProjectConfigurationPlatforms) = postSolution
		{0AB4D335-4E02-464E-BF46-8D1E2BF2CEE9}.Debug|x64.ActiveCfg = Debug|x64
		{0AB4D335-4E02-464E-BF46-8D1E2BF2CEE9}.Debug|x64.Build.0 = Debug|x64
		{0AB4D335-4E02-464E-BF46-8D1E2BF2CEE9}.Debug|x86.ActiveCfg = Debug|Win32
		{0AB4D335-4E02-464E-BF46-8D1E2BF2CEE9}.Debug|x86.Build.0 = Debug|Win32
		{0AB4D335-4E02-464E-BF46-8D1E2BF2CEE9}.Release|x64.ActiveCfg = Release|x64
		{0AB4D335-4E02-464E-BF46-8D1E2BF2CEE9}.Release|x64.Build.0 = Release|x64
		{0AB4D335-4E02-464E-BF46-8D1E2BF2CEE9}.Release|x86.ActiveCfg = Release|Win32
		{0AB4D335-4E02-464E-BF46-8D1E2BF2CEE9}.Release|x86.Build.0 = Release|Win32
		{824AC4A5-6F84-448E-AF29-F15963817679}.Debug|x64.ActiveCfg = Debug|x64
		{824AC4A5-6F84-448E-AF29-F15963817679}.Debug|x64.Build.0 = Debug|x64
		{824AC4A5-6F84-448E-AF29-F15963817679}.Debug|x86.ActiveCfg = Debug|Win32
		{824AC4A5-6F84-448E-AF29-F15963817679}.Debug|x86.Build.0 = Debug|Win32
		{824AC4A5-6F84-448E-AF29-F15963817679}.Release|x64.ActiveCfg = Release|x64
		{824AC4A5-6F84-448E-AF29-F15963817679}.Release|x64.Build.0 = Release|x64
		{824AC4A5-6F84-448E-AF29-F15963817679}.Release|x86.ActiveCfg = Release|Win32
		{824AC4A5-6F84-448E-AF29-F15963817679}.Release|x86.Build.0 = Release|Win32
	EndGlobalSection
	GlobalSection(SolutionProperties) = preSolution
		HideSolutionNode = FALSE
	EndGlobalSection
	GlobalSection(ExtensibilityGlobals) = postSolution
		SolutionGuid = {3D17BE5F-6F78-4851-A652-E54F6CFEBF08}
	EndGlobalSection
EndGlobal
